<?xml version="1.0" encoding="utf-8"?>
<Project ToolsVersion="4.0" xmlns="http://schemas.microsoft.com/developer/msbuild/2003">
  <ItemGroup>
    <ClCompile Include="main.cpp" />
    <ClCompile Include="Data\DataTable.cpp">
      <Filter>Source Files</Filter>
    </ClCompile>
    <ClCompile Include="Data\WorklistDataAcquisitionInterface.cpp">
      <Filter>Source Files</Filter>
    </ClCompile>
    <ClCompile Include="Data\SourceLoading.cpp">
      <Filter>Source Files</Filter>
    </ClCompile>
    <ClCompile Include="Data\DirectoryDataAcquisition.cpp">
      <Filter>Source Files</Filter>
    </ClCompile>
    <ClCompile Include="Data\FilelistDataAcquisition.cpp">
      <Filter>Source Files</Filter>
    </ClCompile>
    <ClCompile Include="Serialization\INI.cpp">
      <Filter>Source Files</Filter>
    </ClCompile>
    <ClCompile Include="Serialization\JSON.cpp">
      <Filter>Source Files</Filter>
    </ClCompile>
    <ClCompile Include="GUI\ExternalSourceDialog.cpp">
      <Filter>Source Files</Filter>
    </ClCompile>
    <ClCompile Include="GUI\IconCreator.cpp">
      <Filter>Source Files</Filter>
    </ClCompile>
    <ClCompile Include="GUI\WorklistWindow.cpp">
      <Filter>Source Files</Filter>
    </ClCompile>
    <ClCompile Include="GUI\CompositeChild.cpp">
      <Filter>Source Files</Filter>
    </ClCompile>
    <ClCompile Include="GUI\CompositeWindow.cpp">
      <Filter>Source Files</Filter>
    </ClCompile>
    <ClCompile Include="Networking\Django_Connection.cpp">
      <Filter>Source Files</Filter>
    </ClCompile>
    <ClCompile Include="Networking\HTTP_Connection.cpp">
      <Filter>Source Files</Filter>
    </ClCompile>
    <ClCompile Include="Networking\HTTP_File_Download.cpp">
      <Filter>Source Files</Filter>
    </ClCompile>
    <ClCompile Include="Misc\StringConversions.cpp">
      <Filter>Source Files</Filter>
    </ClCompile>
    <ClCompile Include="Misc\TemporaryDirectoryTracker.cpp">
      <Filter>Source Files</Filter>
    </ClCompile>
    <ClCompile Include="Misc\StringManipulation.cpp">
      <Filter>Source Files</Filter>
    </ClCompile>
    <ClCompile Include="Data\GrandChallengeDataAcquisition.cpp">
      <Filter>Source Files</Filter>
    </ClCompile>
  </ItemGroup>
  <ItemGroup>
    <Filter Include="Resource Files">
      <UniqueIdentifier>{D9D6E242-F8AF-46E4-B9FD-80ECBC20BA3E}</UniqueIdentifier>
      <Extensions>qrc;*</Extensions>
      <ParseFiles>false</ParseFiles>
    </Filter>
    <Filter Include="Source Files">
      <UniqueIdentifier>{4FC737F1-C7A5-4376-A066-2A32D752A2FF}</UniqueIdentifier>
      <Extensions>cpp;c;cc;cxx;def;odl;idl;hpj;bat;asm;asmx</Extensions>
      <ParseFiles>true</ParseFiles>
    </Filter>
    <Filter Include="Header Files">
      <UniqueIdentifier>{93995380-89BD-4b04-88EB-625FBE52EBFB}</UniqueIdentifier>
      <Extensions>h;hh;hpp;hxx;hm;inl;inc;xsd</Extensions>
      <ParseFiles>true</ParseFiles>
    </Filter>
    <Filter Include="Form Files">
      <UniqueIdentifier>{99349809-55BA-4b9d-BF79-8FDBB0286EB3}</UniqueIdentifier>
      <Extensions>ui</Extensions>
      <ParseFiles>true</ParseFiles>
    </Filter>
  </ItemGroup>
  <ItemGroup>
    <QtRcc Include="WorklistInterface.qrc">
      <Filter>Resource Files</Filter>
    </QtRcc>
  </ItemGroup>
  <ItemGroup>
    <QtUic Include="WorklistWindowLayout.ui">
      <Filter>Form Files</Filter>
    </QtUic>
    <QtUic Include="CompositeWindowLayout.ui">
      <Filter>Form Files</Filter>
    </QtUic>
  </ItemGroup>
  <ItemGroup>
    <QtMoc Include="GUI\ExternalSourceDialog.h">
      <Filter>Header Files</Filter>
    </QtMoc>
    <QtMoc Include="GUI\IconCreator.h">
      <Filter>Header Files</Filter>
    </QtMoc>
    <QtMoc Include="GUI\WorklistWindow.h">
      <Filter>Header Files</Filter>
    </QtMoc>
    <QtMoc Include="GUI\CompositeChild.h">
      <Filter>Header Files</Filter>
    </QtMoc>
    <QtMoc Include="GUI\CompositeWindow.h">
      <Filter>Header Files</Filter>
    </QtMoc>
  </ItemGroup>
  <ItemGroup>
    <ClInclude Include="Data\DataTable.h">
      <Filter>Header Files</Filter>
    </ClInclude>
    <ClInclude Include="Data\WorklistDataAcquisitionInterface.h">
      <Filter>Header Files</Filter>
    </ClInclude>
    <ClInclude Include="Data\SourceLoading.h">
      <Filter>Header Files</Filter>
    </ClInclude>
    <ClInclude Include="Data\DirectoryDataAcquisition.h">
      <Filter>Header Files</Filter>
    </ClInclude>
    <ClInclude Include="Data\FilelistDataAcquisition.h">
      <Filter>Header Files</Filter>
    </ClInclude>
    <ClInclude Include="Serialization\INI.h">
      <Filter>Header Files</Filter>
    </ClInclude>
    <ClInclude Include="Serialization\JSON.h">
      <Filter>Header Files</Filter>
    </ClInclude>
    <ClInclude Include="Networking\HTTP_Connection.h">
      <Filter>Header Files</Filter>
    </ClInclude>
    <ClInclude Include="Networking\Django_Connection.h">
      <Filter>Header Files</Filter>
    </ClInclude>
    <ClInclude Include="Networking\HTTP_File_Download.h">
      <Filter>Header Files</Filter>
    </ClInclude>
    <ClInclude Include="Misc\StringConversions.h">
      <Filter>Header Files</Filter>
    </ClInclude>
    <ClInclude Include="Misc\TemporaryDirectoryTracker.h">
      <Filter>Header Files</Filter>
    </ClInclude>
    <ClInclude Include="Misc\StringManipulation.h">
      <Filter>Header Files</Filter>
    </ClInclude>
    <ClInclude Include="Data\GrandChallengeDataAcquisition.h">
      <Filter>Header Files</Filter>
    </ClInclude>
  </ItemGroup>
</Project>